
Microsoft Visual Studio Solution File, Format Version 12.00
# Visual Studio Version 17
VisualStudioVersion = 17.7.34202.233
MinimumVisualStudioVersion = 10.0.40219.1
Project("{FAE04EC0-301F-11D3-BF4B-00C04F79EFBC}") = "KoleksiyonAlgoritmasi3", "KoleksiyonAlgoritmasi3\KoleksiyonAlgoritmasi3.csproj", "{4692E08A-A017-4A70-8329-94F54E4B76CC}"
EndProject
Global
	GlobalSection(SolutionConfigurationPlatforms) = preSolution
		Debug|Any CPU = Debug|Any CPU
		Release|Any CPU = Release|Any CPU
	EndGlobalSection
	GlobalSection(ProjectConfigurationPlatforms) = postSolution
		{4692E08A-A017-4A70-8329-94F54E4B76CC}.Debug|Any CPU.ActiveCfg = Debug|Any CPU
		{4692E08A-A017-4A70-8329-94F54E4B76CC}.Debug|Any CPU.Build.0 = Debug|Any CPU
		{4692E08A-A017-4A70-8329-94F54E4B76CC}.Release|Any CPU.ActiveCfg = Release|Any CPU
		{4692E08A-A017-4A70-8329-94F54E4B76CC}.Release|Any CPU.Build.0 = Release|Any CPU
	EndGlobalSection
	GlobalSection(SolutionProperties) = preSolution
		HideSolutionNode = FALSE
	EndGlobalSection
	GlobalSection(ExtensibilityGlobals) = postSolution
		SolutionGuid = {1745561E-3E89-4714-A2DE-086226470614}
	EndGlobalSection
EndGlobal
